
Microsoft Visual Studio Solution File, Format Version 12.00
Project("{FAE04EC0-301F-11D3-BF4B-00C04F79EFBC}") = "WebApp", "WebApp\WebApp.csproj", "{36D10045-BAC3-4A48-A735-29410D8C3B52}"
EndProject
Project("{FAE04EC0-301F-11D3-BF4B-00C04F79EFBC}") = "WebServicesAPI", "WebServicesAPI\WebServicesAPI.csproj", "{D11D799D-C1ED-4493-B1D7-DC8E43728D00}"
EndProject
Global
	GlobalSection(SolutionConfigurationPlatforms) = preSolution
		Debug|Any CPU = Debug|Any CPU
		Release|Any CPU = Release|Any CPU
	EndGlobalSection
	GlobalSection(ProjectConfigurationPlatforms) = postSolution
		{36D10045-BAC3-4A48-A735-29410D8C3B52}.Debug|Any CPU.ActiveCfg = Debug|Any CPU
		{36D10045-BAC3-4A48-A735-29410D8C3B52}.Debug|Any CPU.Build.0 = Debug|Any CPU
		{36D10045-BAC3-4A48-A735-29410D8C3B52}.Release|Any CPU.ActiveCfg = Release|Any CPU
		{36D10045-BAC3-4A48-A735-29410D8C3B52}.Release|Any CPU.Build.0 = Release|Any CPU
		{D11D799D-C1ED-4493-B1D7-DC8E43728D00}.Debug|Any CPU.ActiveCfg = Debug|Any CPU
		{D11D799D-C1ED-4493-B1D7-DC8E43728D00}.Debug|Any CPU.Build.0 = Debug|Any CPU
		{D11D799D-C1ED-4493-B1D7-DC8E43728D00}.Release|Any CPU.ActiveCfg = Release|Any CPU
		{D11D799D-C1ED-4493-B1D7-DC8E43728D00}.Release|Any CPU.Build.0 = Release|Any CPU
	EndGlobalSection
EndGlobal
